// !$*UTF8*$!
{
	archiveVersion = 1;
	classes = {
	};
	objectVersion = 56;
	objects = {

/* Begin PBXBuildFile section */
		BCC629332B730F24009CC707 /* DateControlView.swift in Sources */ = {isa = PBXBuildFile; fileRef = BCC629322B730F24009CC707 /* DateControlView.swift */; };
		BCC629352B735612009CC707 /* PickerControlView.swift in Sources */ = {isa = PBXBuildFile; fileRef = BCC629342B735612009CC707 /* PickerControlView.swift */; };
		BCC629372B735787009CC707 /* ProductTypeCollView.swift in Sources */ = {isa = PBXBuildFile; fileRef = BCC629362B735787009CC707 /* ProductTypeCollView.swift */; };
		BCC629392B7357A4009CC707 /* ProductTypeCollVCell.swift in Sources */ = {isa = PBXBuildFile; fileRef = BCC629382B7357A4009CC707 /* ProductTypeCollVCell.swift */; };
		BCDB75D22B71D2FF00EF5241 /* HomeViewController.swift in Sources */ = {isa = PBXBuildFile; fileRef = BCDB75D12B71D2FF00EF5241 /* HomeViewController.swift */; };
		BCDB75D92B7204E300EF5241 /* WorkRowView.swift in Sources */ = {isa = PBXBuildFile; fileRef = BCDB75D82B7204E300EF5241 /* WorkRowView.swift */; };
		BCDB75DB2B7206CC00EF5241 /* HomeViewModel.swift in Sources */ = {isa = PBXBuildFile; fileRef = BCDB75DA2B7206CC00EF5241 /* HomeViewModel.swift */; };
		BCDB75DF2B72099000EF5241 /* CommonSectionView.swift in Sources */ = {isa = PBXBuildFile; fileRef = BCDB75DE2B72099000EF5241 /* CommonSectionView.swift */; };
		BCDB75E12B72293E00EF5241 /* SegmentControlView.swift in Sources */ = {isa = PBXBuildFile; fileRef = BCDB75E02B72293E00EF5241 /* SegmentControlView.swift */; };
		F94ABB1B2B7DB3EF003D6466 /* AlertType.swift in Sources */ = {isa = PBXBuildFile; fileRef = F94ABB182B7DB3EF003D6466 /* AlertType.swift */; };
		F94ABB1C2B7DB3EF003D6466 /* CustomAlert.swift in Sources */ = {isa = PBXBuildFile; fileRef = F94ABB192B7DB3EF003D6466 /* CustomAlert.swift */; };
		F94ABB1D2B7DB3EF003D6466 /* Header.swift in Sources */ = {isa = PBXBuildFile; fileRef = F94ABB1A2B7DB3EF003D6466 /* Header.swift */; };
		F960DDEA2C2A60C0005376A4 /* UIDevice+Extension.swift in Sources */ = {isa = PBXBuildFile; fileRef = F960DDE92C2A60C0005376A4 /* UIDevice+Extension.swift */; };
		F9A94A3A2B71B9080062F68A /* DemoApp.swift in Sources */ = {isa = PBXBuildFile; fileRef = F9A94A392B71B9080062F68A /* DemoApp.swift */; };
		F9A94A3E2B71B90A0062F68A /* Assets.xcassets in Resources */ = {isa = PBXBuildFile; fileRef = F9A94A3D2B71B90A0062F68A /* Assets.xcassets */; };
		F9A94A412B71B90A0062F68A /* Preview Assets.xcassets in Resources */ = {isa = PBXBuildFile; fileRef = F9A94A402B71B90A0062F68A /* Preview Assets.xcassets */; };
		F9A94A502B71BA530062F68A /* DemoUITestsLaunchTests.swift in Sources */ = {isa = PBXBuildFile; fileRef = F9A94A4F2B71BA530062F68A /* DemoUITestsLaunchTests.swift */; };
		F9A94A602B71BB1D0062F68A /* Router.swift in Sources */ = {isa = PBXBuildFile; fileRef = F9A94A5F2B71BB1D0062F68A /* Router.swift */; };
		F9A94A632B71BD770062F68A /* PageName.swift in Sources */ = {isa = PBXBuildFile; fileRef = F9A94A622B71BD770062F68A /* PageName.swift */; };
		F9A94A702B71BEC00062F68A /* CustomHeaderView.swift in Sources */ = {isa = PBXBuildFile; fileRef = F9A94A6F2B71BEC00062F68A /* CustomHeaderView.swift */; };
		F9A94A732B71C2A30062F68A /* RoundedImage.swift in Sources */ = {isa = PBXBuildFile; fileRef = F9A94A722B71C2A30062F68A /* RoundedImage.swift */; };
		F9A94A752B71C30D0062F68A /* Seperator.swift in Sources */ = {isa = PBXBuildFile; fileRef = F9A94A742B71C30D0062F68A /* Seperator.swift */; };
		F9A94A782B71C3570062F68A /* Colors.swift in Sources */ = {isa = PBXBuildFile; fileRef = F9A94A772B71C3570062F68A /* Colors.swift */; };
		F9A94A7A2B71C44F0062F68A /* ButtonWithBackground.swift in Sources */ = {isa = PBXBuildFile; fileRef = F9A94A792B71C44F0062F68A /* ButtonWithBackground.swift */; };
		F9A94A7D2B71C4D00062F68A /* Extension.swift in Sources */ = {isa = PBXBuildFile; fileRef = F9A94A7C2B71C4D00062F68A /* Extension.swift */; };
		F9A94A7F2B71C8350062F68A /* ImageName.swift in Sources */ = {isa = PBXBuildFile; fileRef = F9A94A7E2B71C8350062F68A /* ImageName.swift */; };
		F9E1111D2B7E129400DE2E04 /* RateChartView.swift in Sources */ = {isa = PBXBuildFile; fileRef = F9E1111C2B7E129400DE2E04 /* RateChartView.swift */; };
		F9E1111F2B7EEF9500DE2E04 /* DemoForm.swift in Sources */ = {isa = PBXBuildFile; fileRef = F9E1111E2B7EEF9500DE2E04 /* DemoForm.swift */; };
		F9E111242B7F3C0000DE2E04 /* chart.json in Resources */ = {isa = PBXBuildFile; fileRef = F9E111232B7F3C0000DE2E04 /* chart.json */; };
		F9E111262B7F3C1600DE2E04 /* APIService.swift in Sources */ = {isa = PBXBuildFile; fileRef = F9E111252B7F3C1600DE2E04 /* APIService.swift */; };
		F9E1112A2B7F626800DE2E04 /* TabbarViewController.swift in Sources */ = {isa = PBXBuildFile; fileRef = F9E111292B7F626800DE2E04 /* TabbarViewController.swift */; };
		F9E1112D2B7F62A300DE2E04 /* TabbarItems.swift in Sources */ = {isa = PBXBuildFile; fileRef = F9E1112C2B7F62A300DE2E04 /* TabbarItems.swift */; };
		F9E111302B7F649B00DE2E04 /* EmptyView.swift in Sources */ = {isa = PBXBuildFile; fileRef = F9E1112F2B7F649B00DE2E04 /* EmptyView.swift */; };
		F9E111322B803C9300DE2E04 /* HomeUITests.swift in Sources */ = {isa = PBXBuildFile; fileRef = F9E111312B803C9300DE2E04 /* HomeUITests.swift */; };
		F9E111352B8084DE00DE2E04 /* TabbarViewModel.swift in Sources */ = {isa = PBXBuildFile; fileRef = F9E111342B8084DE00DE2E04 /* TabbarViewModel.swift */; };
		F9E111382B808AC700DE2E04 /* indices_datas.json in Resources */ = {isa = PBXBuildFile; fileRef = F9E111362B808AC700DE2E04 /* indices_datas.json */; };
		F9E111392B808AC700DE2E04 /* appointments.json in Resources */ = {isa = PBXBuildFile; fileRef = F9E111372B808AC700DE2E04 /* appointments.json */; };
		F9E111412B808B4800DE2E04 /* ChartDataModel.swift in Sources */ = {isa = PBXBuildFile; fileRef = F9E1113E2B808B4800DE2E04 /* ChartDataModel.swift */; };
		F9E111422B808B4800DE2E04 /* IndicesModel.swift in Sources */ = {isa = PBXBuildFile; fileRef = F9E1113F2B808B4800DE2E04 /* IndicesModel.swift */; };
		F9E111432B808B4800DE2E04 /* AppointmentModel.swift in Sources */ = {isa = PBXBuildFile; fileRef = F9E111402B808B4800DE2E04 /* AppointmentModel.swift */; };
		F9E111452B809C1200DE2E04 /* LoginTextFiled.swift in Sources */ = {isa = PBXBuildFile; fileRef = F9E111442B809C1200DE2E04 /* LoginTextFiled.swift */; };
		F9EFD32C2B71FD1700C8A99A /* LoginUITests.swift in Sources */ = {isa = PBXBuildFile; fileRef = F9EFD32B2B71FD1700C8A99A /* LoginUITests.swift */; };
		F9EFD34B2B72164800C8A99A /* LaunchScreen.storyboard in Resources */ = {isa = PBXBuildFile; fileRef = F9EFD34A2B72164800C8A99A /* LaunchScreen.storyboard */; };
		F9EFD3552B7D9DC700C8A99A /* LoginViewController.swift in Sources */ = {isa = PBXBuildFile; fileRef = F9EFD3542B7D9DC700C8A99A /* LoginViewController.swift */; };
		F9EFD3592B7D9E6A00C8A99A /* LoginViewModel.swift in Sources */ = {isa = PBXBuildFile; fileRef = F9EFD3582B7D9E6A00C8A99A /* LoginViewModel.swift */; };
/* End PBXBuildFile section */

/* Begin PBXContainerItemProxy section */
		F9A94A512B71BA530062F68A /* PBXContainerItemProxy */ = {
			isa = PBXContainerItemProxy;
			containerPortal = F9A94A2E2B71B9080062F68A /* Project object */;
			proxyType = 1;
			remoteGlobalIDString = F9A94A352B71B9080062F68A;
			remoteInfo = Demo;
		};
/* End PBXContainerItemProxy section */

/* Begin PBXFileReference section */
		BCC629322B730F24009CC707 /* DateControlView.swift */ = {isa = PBXFileReference; lastKnownFileType = sourcecode.swift; path = DateControlView.swift; sourceTree = "<group>"; };
		BCC629342B735612009CC707 /* PickerControlView.swift */ = {isa = PBXFileReference; lastKnownFileType = sourcecode.swift; path = PickerControlView.swift; sourceTree = "<group>"; };
		BCC629362B735787009CC707 /* ProductTypeCollView.swift */ = {isa = PBXFileReference; lastKnownFileType = sourcecode.swift; path = ProductTypeCollView.swift; sourceTree = "<group>"; };
		BCC629382B7357A4009CC707 /* ProductTypeCollVCell.swift */ = {isa = PBXFileReference; lastKnownFileType = sourcecode.swift; path = ProductTypeCollVCell.swift; sourceTree = "<group>"; };
		BCDB75D12B71D2FF00EF5241 /* HomeViewController.swift */ = {isa = PBXFileReference; lastKnownFileType = sourcecode.swift; path = HomeViewController.swift; sourceTree = "<group>"; };
		BCDB75D82B7204E300EF5241 /* WorkRowView.swift */ = {isa = PBXFileReference; lastKnownFileType = sourcecode.swift; path = WorkRowView.swift; sourceTree = "<group>"; };
		BCDB75DA2B7206CC00EF5241 /* HomeViewModel.swift */ = {isa = PBXFileReference; lastKnownFileType = sourcecode.swift; path = HomeViewModel.swift; sourceTree = "<group>"; };
		BCDB75DE2B72099000EF5241 /* CommonSectionView.swift */ = {isa = PBXFileReference; lastKnownFileType = sourcecode.swift; path = CommonSectionView.swift; sourceTree = "<group>"; };
		BCDB75E02B72293E00EF5241 /* SegmentControlView.swift */ = {isa = PBXFileReference; lastKnownFileType = sourcecode.swift; path = SegmentControlView.swift; sourceTree = "<group>"; };
		F94ABB182B7DB3EF003D6466 /* AlertType.swift */ = {isa = PBXFileReference; fileEncoding = 4; lastKnownFileType = sourcecode.swift; path = AlertType.swift; sourceTree = "<group>"; };
		F94ABB192B7DB3EF003D6466 /* CustomAlert.swift */ = {isa = PBXFileReference; fileEncoding = 4; lastKnownFileType = sourcecode.swift; path = CustomAlert.swift; sourceTree = "<group>"; };
		F94ABB1A2B7DB3EF003D6466 /* Header.swift */ = {isa = PBXFileReference; fileEncoding = 4; lastKnownFileType = sourcecode.swift; path = Header.swift; sourceTree = "<group>"; };
		F960DDE92C2A60C0005376A4 /* UIDevice+Extension.swift */ = {isa = PBXFileReference; lastKnownFileType = sourcecode.swift; name = "UIDevice+Extension.swift"; path = "Demo/Class/Pages/UIDevice+Extension.swift"; sourceTree = SOURCE_ROOT; };
		F9A94A362B71B9080062F68A /* Demo.app */ = {isa = PBXFileReference; explicitFileType = wrapper.application; includeInIndex = 0; path = Demo.app; sourceTree = BUILT_PRODUCTS_DIR; };
		F9A94A392B71B9080062F68A /* DemoApp.swift */ = {isa = PBXFileReference; lastKnownFileType = sourcecode.swift; path = DemoApp.swift; sourceTree = "<group>"; };
		F9A94A3D2B71B90A0062F68A /* Assets.xcassets */ = {isa = PBXFileReference; lastKnownFileType = folder.assetcatalog; path = Assets.xcassets; sourceTree = "<group>"; };
		F9A94A402B71B90A0062F68A /* Preview Assets.xcassets */ = {isa = PBXFileReference; lastKnownFileType = folder.assetcatalog; path = "Preview Assets.xcassets"; sourceTree = "<group>"; };
		F9A94A4B2B71BA530062F68A /* DemoUITests.xctest */ = {isa = PBXFileReference; explicitFileType = wrapper.cfbundle; includeInIndex = 0; path = DemoUITests.xctest; sourceTree = BUILT_PRODUCTS_DIR; };
		F9A94A4F2B71BA530062F68A /* DemoUITestsLaunchTests.swift */ = {isa = PBXFileReference; lastKnownFileType = sourcecode.swift; path = DemoUITestsLaunchTests.swift; sourceTree = "<group>"; };
		F9A94A5F2B71BB1D0062F68A /* Router.swift */ = {isa = PBXFileReference; lastKnownFileType = sourcecode.swift; path = Router.swift; sourceTree = "<group>"; };
		F9A94A622B71BD770062F68A /* PageName.swift */ = {isa = PBXFileReference; lastKnownFileType = sourcecode.swift; path = PageName.swift; sourceTree = "<group>"; };
		F9A94A6F2B71BEC00062F68A /* CustomHeaderView.swift */ = {isa = PBXFileReference; lastKnownFileType = sourcecode.swift; path = CustomHeaderView.swift; sourceTree = "<group>"; };
		F9A94A722B71C2A30062F68A /* RoundedImage.swift */ = {isa = PBXFileReference; lastKnownFileType = sourcecode.swift; path = RoundedImage.swift; sourceTree = "<group>"; };
		F9A94A742B71C30D0062F68A /* Seperator.swift */ = {isa = PBXFileReference; lastKnownFileType = sourcecode.swift; path = Seperator.swift; sourceTree = "<group>"; };
		F9A94A772B71C3570062F68A /* Colors.swift */ = {isa = PBXFileReference; lastKnownFileType = sourcecode.swift; path = Colors.swift; sourceTree = "<group>"; };
		F9A94A792B71C44F0062F68A /* ButtonWithBackground.swift */ = {isa = PBXFileReference; lastKnownFileType = sourcecode.swift; path = ButtonWithBackground.swift; sourceTree = "<group>"; };
		F9A94A7C2B71C4D00062F68A /* Extension.swift */ = {isa = PBXFileReference; lastKnownFileType = sourcecode.swift; path = Extension.swift; sourceTree = "<group>"; };
		F9A94A7E2B71C8350062F68A /* ImageName.swift */ = {isa = PBXFileReference; lastKnownFileType = sourcecode.swift; path = ImageName.swift; sourceTree = "<group>"; };
		F9E1111C2B7E129400DE2E04 /* RateChartView.swift */ = {isa = PBXFileReference; lastKnownFileType = sourcecode.swift; path = RateChartView.swift; sourceTree = "<group>"; };
		F9E1111E2B7EEF9500DE2E04 /* DemoForm.swift */ = {isa = PBXFileReference; lastKnownFileType = sourcecode.swift; path = DemoForm.swift; sourceTree = "<group>"; };
		F9E111232B7F3C0000DE2E04 /* chart.json */ = {isa = PBXFileReference; fileEncoding = 4; lastKnownFileType = text.json; path = chart.json; sourceTree = "<group>"; };
		F9E111252B7F3C1600DE2E04 /* APIService.swift */ = {isa = PBXFileReference; lastKnownFileType = sourcecode.swift; path = APIService.swift; sourceTree = "<group>"; };
		F9E111292B7F626800DE2E04 /* TabbarViewController.swift */ = {isa = PBXFileReference; fileEncoding = 4; lastKnownFileType = sourcecode.swift; path = TabbarViewController.swift; sourceTree = "<group>"; };
		F9E1112C2B7F62A300DE2E04 /* TabbarItems.swift */ = {isa = PBXFileReference; lastKnownFileType = sourcecode.swift; path = TabbarItems.swift; sourceTree = "<group>"; };
		F9E1112F2B7F649B00DE2E04 /* EmptyView.swift */ = {isa = PBXFileReference; lastKnownFileType = sourcecode.swift; path = EmptyView.swift; sourceTree = "<group>"; };
		F9E111312B803C9300DE2E04 /* HomeUITests.swift */ = {isa = PBXFileReference; fileEncoding = 4; lastKnownFileType = sourcecode.swift; path = HomeUITests.swift; sourceTree = "<group>"; };
		F9E111342B8084DE00DE2E04 /* TabbarViewModel.swift */ = {isa = PBXFileReference; lastKnownFileType = sourcecode.swift; path = TabbarViewModel.swift; sourceTree = "<group>"; };
		F9E111362B808AC700DE2E04 /* indices_datas.json */ = {isa = PBXFileReference; fileEncoding = 4; lastKnownFileType = text.json; path = indices_datas.json; sourceTree = "<group>"; };
		F9E111372B808AC700DE2E04 /* appointments.json */ = {isa = PBXFileReference; fileEncoding = 4; lastKnownFileType = text.json; path = appointments.json; sourceTree = "<group>"; };
		F9E1113E2B808B4800DE2E04 /* ChartDataModel.swift */ = {isa = PBXFileReference; fileEncoding = 4; lastKnownFileType = sourcecode.swift; path = ChartDataModel.swift; sourceTree = "<group>"; };
		F9E1113F2B808B4800DE2E04 /* IndicesModel.swift */ = {isa = PBXFileReference; fileEncoding = 4; lastKnownFileType = sourcecode.swift; path = IndicesModel.swift; sourceTree = "<group>"; };
		F9E111402B808B4800DE2E04 /* AppointmentModel.swift */ = {isa = PBXFileReference; fileEncoding = 4; lastKnownFileType = sourcecode.swift; path = AppointmentModel.swift; sourceTree = "<group>"; };
		F9E111442B809C1200DE2E04 /* LoginTextFiled.swift */ = {isa = PBXFileReference; lastKnownFileType = sourcecode.swift; path = LoginTextFiled.swift; sourceTree = "<group>"; };
		F9EFD32B2B71FD1700C8A99A /* LoginUITests.swift */ = {isa = PBXFileReference; fileEncoding = 4; lastKnownFileType = sourcecode.swift; path = LoginUITests.swift; sourceTree = "<group>"; };
		F9EFD34A2B72164800C8A99A /* LaunchScreen.storyboard */ = {isa = PBXFileReference; lastKnownFileType = file.storyboard; path = LaunchScreen.storyboard; sourceTree = "<group>"; };
		F9EFD3542B7D9DC700C8A99A /* LoginViewController.swift */ = {isa = PBXFileReference; lastKnownFileType = sourcecode.swift; path = LoginViewController.swift; sourceTree = "<group>"; };
		F9EFD3582B7D9E6A00C8A99A /* LoginViewModel.swift */ = {isa = PBXFileReference; lastKnownFileType = sourcecode.swift; path = LoginViewModel.swift; sourceTree = "<group>"; };
/* End PBXFileReference section */

/* Begin PBXFrameworksBuildPhase section */
		F9A94A332B71B9080062F68A /* Frameworks */ = {
			isa = PBXFrameworksBuildPhase;
			buildActionMask = 2147483647;
			files = (
			);
			runOnlyForDeploymentPostprocessing = 0;
		};
		F9A94A482B71BA530062F68A /* Frameworks */ = {
			isa = PBXFrameworksBuildPhase;
			buildActionMask = 2147483647;
			files = (
			);
			runOnlyForDeploymentPostprocessing = 0;
		};
/* End PBXFrameworksBuildPhase section */

/* Begin PBXGroup section */
		BCDB75CF2B71D2C200EF5241 /* ViewController */ = {
			isa = PBXGroup;
			children = (
				BCDB75D12B71D2FF00EF5241 /* HomeViewController.swift */,
			);
			path = ViewController;
			sourceTree = "<group>";
		};
		BCDB75D32B7203A000EF5241 /* Model */ = {
			isa = PBXGroup;
			children = (
				F9E111402B808B4800DE2E04 /* AppointmentModel.swift */,
				F9E1113E2B808B4800DE2E04 /* ChartDataModel.swift */,
				F9E1113F2B808B4800DE2E04 /* IndicesModel.swift */,
			);
			path = Model;
			sourceTree = "<group>";
		};
		BCDB75D72B72045600EF5241 /* ViewModel */ = {
			isa = PBXGroup;
			children = (
				BCDB75DA2B7206CC00EF5241 /* HomeViewModel.swift */,
			);
			path = ViewModel;
			sourceTree = "<group>";
		};
		F94ABB162B7DB3EF003D6466 /* Elements */ = {
			isa = PBXGroup;
			children = (
				BCDB75E02B72293E00EF5241 /* SegmentControlView.swift */,
				F94ABB172B7DB3EF003D6466 /* Alert */,
				F94ABB1A2B7DB3EF003D6466 /* Header.swift */,
				F9E1111E2B7EEF9500DE2E04 /* DemoForm.swift */,
			);
			path = Elements;
			sourceTree = "<group>";
		};
		F94ABB172B7DB3EF003D6466 /* Alert */ = {
			isa = PBXGroup;
			children = (
				F94ABB182B7DB3EF003D6466 /* AlertType.swift */,
				F94ABB192B7DB3EF003D6466 /* CustomAlert.swift */,
			);
			path = Alert;
			sourceTree = "<group>";
		};
		F960DDE82C2A60A3005376A4 /* Extension */ = {
			isa = PBXGroup;
			children = (
				F960DDE92C2A60C0005376A4 /* UIDevice+Extension.swift */,
			);
			path = Extension;
			sourceTree = "<group>";
		};
		F9A94A2D2B71B9080062F68A = {
			isa = PBXGroup;
			children = (
				F9A94A382B71B9080062F68A /* Demo */,
				F9A94A4C2B71BA530062F68A /* DemoUITests */,
				F9A94A372B71B9080062F68A /* Products */,
			);
			sourceTree = "<group>";
		};
		F9A94A372B71B9080062F68A /* Products */ = {
			isa = PBXGroup;
			children = (
				F9A94A362B71B9080062F68A /* Demo.app */,
				F9A94A4B2B71BA530062F68A /* DemoUITests.xctest */,
			);
			name = Products;
			sourceTree = "<group>";
		};
		F9A94A382B71B9080062F68A /* Demo */ = {
			isa = PBXGroup;
			children = (
				F9A94A562B71BA6B0062F68A /* Class */,
				F9A94A392B71B9080062F68A /* DemoApp.swift */,
				F9A94A3D2B71B90A0062F68A /* Assets.xcassets */,
				F9A94A3F2B71B90A0062F68A /* Preview Content */,
			);
			path = Demo;
			sourceTree = "<group>";
		};
		F9A94A3F2B71B90A0062F68A /* Preview Content */ = {
			isa = PBXGroup;
			children = (
				F9A94A402B71B90A0062F68A /* Preview Assets.xcassets */,
			);
			path = "Preview Content";
			sourceTree = "<group>";
		};
		F9A94A4C2B71BA530062F68A /* DemoUITests */ = {
			isa = PBXGroup;
			children = (
				F9E111312B803C9300DE2E04 /* HomeUITests.swift */,
				F9EFD32B2B71FD1700C8A99A /* LoginUITests.swift */,
				F9A94A4F2B71BA530062F68A /* DemoUITestsLaunchTests.swift */,
			);
			path = DemoUITests;
			sourceTree = "<group>";
		};
		F9A94A562B71BA6B0062F68A /* Class */ = {
			isa = PBXGroup;
			children = (
				F9E111202B7F3C0000DE2E04 /* Modules */,
				F9A94A572B71BA6B0062F68A /* Util */,
				F9A94A582B71BA6B0062F68A /* Pages */,
			);
			path = Class;
			sourceTree = "<group>";
		};
		F9A94A572B71BA6B0062F68A /* Util */ = {
			isa = PBXGroup;
			children = (
				F960DDE82C2A60A3005376A4 /* Extension */,
				F94ABB162B7DB3EF003D6466 /* Elements */,
				F9A94A762B71C3510062F68A /* Style */,
				F9A94A612B71BD610062F68A /* Router */,
				F9A94A7C2B71C4D00062F68A /* Extension.swift */,
				F9A94A7E2B71C8350062F68A /* ImageName.swift */,
			);
			path = Util;
			sourceTree = "<group>";
		};
		F9A94A582B71BA6B0062F68A /* Pages */ = {
			isa = PBXGroup;
			children = (
				F9E1112E2B7F649000DE2E04 /* Empty */,
				F9E111272B7F626800DE2E04 /* Tabbar */,
				F9EFD3492B72163500C8A99A /* Launch */,
				F9A94A592B71BA6B0062F68A /* Home */,
				F9A94A5A2B71BA6B0062F68A /* Login */,
			);
			path = Pages;
			sourceTree = "<group>";
		};
		F9A94A592B71BA6B0062F68A /* Home */ = {
			isa = PBXGroup;
			children = (
				BCDB75CF2B71D2C200EF5241 /* ViewController */,
				BCDB75D72B72045600EF5241 /* ViewModel */,
				F9A94A6D2B71BEB40062F68A /* Views */,
				BCDB75D32B7203A000EF5241 /* Model */,
			);
			path = Home;
			sourceTree = "<group>";
		};
		F9A94A5A2B71BA6B0062F68A /* Login */ = {
			isa = PBXGroup;
			children = (
				F9A94A5B2B71BA6B0062F68A /* ViewModel */,
				F9A94A5D2B71BA6B0062F68A /* ViewController */,
				F9A94A5E2B71BA6B0062F68A /* Views */,
			);
			path = Login;
			sourceTree = "<group>";
		};
		F9A94A5B2B71BA6B0062F68A /* ViewModel */ = {
			isa = PBXGroup;
			children = (
				F9EFD3582B7D9E6A00C8A99A /* LoginViewModel.swift */,
			);
			path = ViewModel;
			sourceTree = "<group>";
		};
		F9A94A5D2B71BA6B0062F68A /* ViewController */ = {
			isa = PBXGroup;
			children = (
				F9EFD3542B7D9DC700C8A99A /* LoginViewController.swift */,
			);
			path = ViewController;
			sourceTree = "<group>";
		};
		F9A94A5E2B71BA6B0062F68A /* Views */ = {
			isa = PBXGroup;
			children = (
				F9A94A722B71C2A30062F68A /* RoundedImage.swift */,
				F9A94A742B71C30D0062F68A /* Seperator.swift */,
				F9A94A792B71C44F0062F68A /* ButtonWithBackground.swift */,
				F9E111442B809C1200DE2E04 /* LoginTextFiled.swift */,
			);
			path = Views;
			sourceTree = "<group>";
		};
		F9A94A612B71BD610062F68A /* Router */ = {
			isa = PBXGroup;
			children = (
				F9A94A5F2B71BB1D0062F68A /* Router.swift */,
				F9A94A622B71BD770062F68A /* PageName.swift */,
			);
			path = Router;
			sourceTree = "<group>";
		};
		F9A94A6D2B71BEB40062F68A /* Views */ = {
			isa = PBXGroup;
			children = (
				BCDB75DE2B72099000EF5241 /* CommonSectionView.swift */,
				F9A94A6F2B71BEC00062F68A /* CustomHeaderView.swift */,
				BCDB75D82B7204E300EF5241 /* WorkRowView.swift */,
				BCC629322B730F24009CC707 /* DateControlView.swift */,
				BCC629342B735612009CC707 /* PickerControlView.swift */,
				BCC629362B735787009CC707 /* ProductTypeCollView.swift */,
				BCC629382B7357A4009CC707 /* ProductTypeCollVCell.swift */,
				F9E1111C2B7E129400DE2E04 /* RateChartView.swift */,
			);
			path = Views;
			sourceTree = "<group>";
		};
		F9A94A762B71C3510062F68A /* Style */ = {
			isa = PBXGroup;
			children = (
				F9A94A772B71C3570062F68A /* Colors.swift */,
			);
			path = Style;
			sourceTree = "<group>";
		};
		F9E111202B7F3C0000DE2E04 /* Modules */ = {
			isa = PBXGroup;
			children = (
				F9E111212B7F3C0000DE2E04 /* Network */,
				F9E111222B7F3C0000DE2E04 /* Data */,
			);
			path = Modules;
			sourceTree = "<group>";
		};
		F9E111212B7F3C0000DE2E04 /* Network */ = {
			isa = PBXGroup;
			children = (
				F9E111252B7F3C1600DE2E04 /* APIService.swift */,
			);
			path = Network;
			sourceTree = "<group>";
		};
		F9E111222B7F3C0000DE2E04 /* Data */ = {
			isa = PBXGroup;
			children = (
				F9E111372B808AC700DE2E04 /* appointments.json */,
				F9E111362B808AC700DE2E04 /* indices_datas.json */,
				F9E111232B7F3C0000DE2E04 /* chart.json */,
			);
			path = Data;
			sourceTree = "<group>";
		};
		F9E111272B7F626800DE2E04 /* Tabbar */ = {
			isa = PBXGroup;
			children = (
				F9E111332B8084D100DE2E04 /* ViewModel */,
				F9E1112B2B7F628B00DE2E04 /* Modules */,
				F9E111282B7F626800DE2E04 /* ViewController */,
			);
			path = Tabbar;
			sourceTree = "<group>";
		};
		F9E111282B7F626800DE2E04 /* ViewController */ = {
			isa = PBXGroup;
			children = (
				F9E111292B7F626800DE2E04 /* TabbarViewController.swift */,
			);
			path = ViewController;
			sourceTree = "<group>";
		};
		F9E1112B2B7F628B00DE2E04 /* Modules */ = {
			isa = PBXGroup;
			children = (
				F9E1112C2B7F62A300DE2E04 /* TabbarItems.swift */,
			);
			path = Modules;
			sourceTree = "<group>";
		};
		F9E1112E2B7F649000DE2E04 /* Empty */ = {
			isa = PBXGroup;
			children = (
				F9E1112F2B7F649B00DE2E04 /* EmptyView.swift */,
			);
			path = Empty;
			sourceTree = "<group>";
		};
		F9E111332B8084D100DE2E04 /* ViewModel */ = {
			isa = PBXGroup;
			children = (
				F9E111342B8084DE00DE2E04 /* TabbarViewModel.swift */,
			);
			path = ViewModel;
			sourceTree = "<group>";
		};
		F9EFD3492B72163500C8A99A /* Launch */ = {
			isa = PBXGroup;
			children = (
				F9EFD34A2B72164800C8A99A /* LaunchScreen.storyboard */,
			);
			path = Launch;
			sourceTree = "<group>";
		};
/* End PBXGroup section */

/* Begin PBXNativeTarget section */
		F9A94A352B71B9080062F68A /* Demo */ = {
			isa = PBXNativeTarget;
			buildConfigurationList = F9A94A442B71B90A0062F68A /* Build configuration list for PBXNativeTarget "Demo" */;
			buildPhases = (
				F9A94A322B71B9080062F68A /* Sources */,
				F9A94A332B71B9080062F68A /* Frameworks */,
				F9A94A342B71B9080062F68A /* Resources */,
			);
			buildRules = (
			);
			dependencies = (
			);
			name = Demo;
			productName = Demo;
			productReference = F9A94A362B71B9080062F68A /* Demo.app */;
			productType = "com.apple.product-type.application";
		};
		F9A94A4A2B71BA530062F68A /* DemoUITests */ = {
			isa = PBXNativeTarget;
			buildConfigurationList = F9A94A532B71BA530062F68A /* Build configuration list for PBXNativeTarget "DemoUITests" */;
			buildPhases = (
				F9A94A472B71BA530062F68A /* Sources */,
				F9A94A482B71BA530062F68A /* Frameworks */,
				F9A94A492B71BA530062F68A /* Resources */,
			);
			buildRules = (
			);
			dependencies = (
				F9A94A522B71BA530062F68A /* PBXTargetDependency */,
			);
			name = DemoUITests;
			productName = DemoUITests;
			productReference = F9A94A4B2B71BA530062F68A /* DemoUITests.xctest */;
			productType = "com.apple.product-type.bundle.ui-testing";
		};
/* End PBXNativeTarget section */

/* Begin PBXProject section */
		F9A94A2E2B71B9080062F68A /* Project object */ = {
			isa = PBXProject;
			attributes = {
				BuildIndependentTargetsInParallel = 1;
				LastSwiftUpdateCheck = 1520;
				LastUpgradeCheck = 1520;
				TargetAttributes = {
					F9A94A352B71B9080062F68A = {
						CreatedOnToolsVersion = 15.2;
					};
					F9A94A4A2B71BA530062F68A = {
						CreatedOnToolsVersion = 15.2;
						TestTargetID = F9A94A352B71B9080062F68A;
					};
				};
			};
			buildConfigurationList = F9A94A312B71B9080062F68A /* Build configuration list for PBXProject "Demo" */;
			compatibilityVersion = "Xcode 14.0";
			developmentRegion = en;
			hasScannedForEncodings = 0;
			knownRegions = (
				en,
				Base,
			);
			mainGroup = F9A94A2D2B71B9080062F68A;
			packageReferences = (
			);
			productRefGroup = F9A94A372B71B9080062F68A /* Products */;
			projectDirPath = "";
			projectRoot = "";
			targets = (
				F9A94A352B71B9080062F68A /* Demo */,
				F9A94A4A2B71BA530062F68A /* DemoUITests */,
			);
		};
/* End PBXProject section */

/* Begin PBXResourcesBuildPhase section */
		F9A94A342B71B9080062F68A /* Resources */ = {
			isa = PBXResourcesBuildPhase;
			buildActionMask = 2147483647;
			files = (
				F9E111382B808AC700DE2E04 /* indices_datas.json in Resources */,
				F9E111392B808AC700DE2E04 /* appointments.json in Resources */,
				F9E111242B7F3C0000DE2E04 /* chart.json in Resources */,
				F9EFD34B2B72164800C8A99A /* LaunchScreen.storyboard in Resources */,
				F9A94A412B71B90A0062F68A /* Preview Assets.xcassets in Resources */,
				F9A94A3E2B71B90A0062F68A /* Assets.xcassets in Resources */,
			);
			runOnlyForDeploymentPostprocessing = 0;
		};
		F9A94A492B71BA530062F68A /* Resources */ = {
			isa = PBXResourcesBuildPhase;
			buildActionMask = 2147483647;
			files = (
			);
			runOnlyForDeploymentPostprocessing = 0;
		};
/* End PBXResourcesBuildPhase section */

/* Begin PBXSourcesBuildPhase section */
		F9A94A322B71B9080062F68A /* Sources */ = {
			isa = PBXSourcesBuildPhase;
			buildActionMask = 2147483647;
			files = (
				BCC629392B7357A4009CC707 /* ProductTypeCollVCell.swift in Sources */,
				BCDB75DB2B7206CC00EF5241 /* HomeViewModel.swift in Sources */,
				F9E111422B808B4800DE2E04 /* IndicesModel.swift in Sources */,
				F9A94A602B71BB1D0062F68A /* Router.swift in Sources */,
				F9A94A782B71C3570062F68A /* Colors.swift in Sources */,
				BCC629352B735612009CC707 /* PickerControlView.swift in Sources */,
				F9E1112A2B7F626800DE2E04 /* TabbarViewController.swift in Sources */,
				F9E1112D2B7F62A300DE2E04 /* TabbarItems.swift in Sources */,
				BCDB75D92B7204E300EF5241 /* WorkRowView.swift in Sources */,
				F9E111352B8084DE00DE2E04 /* TabbarViewModel.swift in Sources */,
				F9EFD3592B7D9E6A00C8A99A /* LoginViewModel.swift in Sources */,
				F9A94A7F2B71C8350062F68A /* ImageName.swift in Sources */,
				F9E1111D2B7E129400DE2E04 /* RateChartView.swift in Sources */,
				F960DDEA2C2A60C0005376A4 /* UIDevice+Extension.swift in Sources */,
				F9E111412B808B4800DE2E04 /* ChartDataModel.swift in Sources */,
				F94ABB1C2B7DB3EF003D6466 /* CustomAlert.swift in Sources */,
				F9E111432B808B4800DE2E04 /* AppointmentModel.swift in Sources */,
				BCDB75DF2B72099000EF5241 /* CommonSectionView.swift in Sources */,
				F9E111262B7F3C1600DE2E04 /* APIService.swift in Sources */,
				F9A94A3A2B71B9080062F68A /* DemoApp.swift in Sources */,
				F9A94A702B71BEC00062F68A /* CustomHeaderView.swift in Sources */,
				F9A94A732B71C2A30062F68A /* RoundedImage.swift in Sources */,
				F9A94A7D2B71C4D00062F68A /* Extension.swift in Sources */,
				F9E111452B809C1200DE2E04 /* LoginTextFiled.swift in Sources */,
				BCC629332B730F24009CC707 /* DateControlView.swift in Sources */,
				F9A94A752B71C30D0062F68A /* Seperator.swift in Sources */,
				BCC629372B735787009CC707 /* ProductTypeCollView.swift in Sources */,
				BCDB75E12B72293E00EF5241 /* SegmentControlView.swift in Sources */,
				F94ABB1D2B7DB3EF003D6466 /* Header.swift in Sources */,
				F9A94A632B71BD770062F68A /* PageName.swift in Sources */,
				F94ABB1B2B7DB3EF003D6466 /* AlertType.swift in Sources */,
				F9A94A7A2B71C44F0062F68A /* ButtonWithBackground.swift in Sources */,
				F9EFD3552B7D9DC700C8A99A /* LoginViewController.swift in Sources */,
				F9E111302B7F649B00DE2E04 /* EmptyView.swift in Sources */,
				F9E1111F2B7EEF9500DE2E04 /* DemoForm.swift in Sources */,
				BCDB75D22B71D2FF00EF5241 /* HomeViewController.swift in Sources */,
			);
			runOnlyForDeploymentPostprocessing = 0;
		};
		F9A94A472B71BA530062F68A /* Sources */ = {
			isa = PBXSourcesBuildPhase;
			buildActionMask = 2147483647;
			files = (
				F9E111322B803C9300DE2E04 /* HomeUITests.swift in Sources */,
				F9A94A502B71BA530062F68A /* DemoUITestsLaunchTests.swift in Sources */,
				F9EFD32C2B71FD1700C8A99A /* LoginUITests.swift in Sources */,
			);
			runOnlyForDeploymentPostprocessing = 0;
		};
/* End PBXSourcesBuildPhase section */

/* Begin PBXTargetDependency section */
		F9A94A522B71BA530062F68A /* PBXTargetDependency */ = {
			isa = PBXTargetDependency;
			target = F9A94A352B71B9080062F68A /* Demo */;
			targetProxy = F9A94A512B71BA530062F68A /* PBXContainerItemProxy */;
		};
/* End PBXTargetDependency section */

/* Begin XCBuildConfiguration section */
		F9A94A422B71B90A0062F68A /* Debug */ = {
			isa = XCBuildConfiguration;
			buildSettings = {
				ALWAYS_SEARCH_USER_PATHS = NO;
				ASSETCATALOG_COMPILER_GENERATE_SWIFT_ASSET_SYMBOL_EXTENSIONS = YES;
				CLANG_ANALYZER_NONNULL = YES;
				CLANG_ANALYZER_NUMBER_OBJECT_CONVERSION = YES_AGGRESSIVE;
				CLANG_CXX_LANGUAGE_STANDARD = "gnu++20";
				CLANG_ENABLE_MODULES = YES;
				CLANG_ENABLE_OBJC_ARC = YES;
				CLANG_ENABLE_OBJC_WEAK = YES;
				CLANG_WARN_BLOCK_CAPTURE_AUTORELEASING = YES;
				CLANG_WARN_BOOL_CONVERSION = YES;
				CLANG_WARN_COMMA = YES;
				CLANG_WARN_CONSTANT_CONVERSION = YES;
				CLANG_WARN_DEPRECATED_OBJC_IMPLEMENTATIONS = YES;
				CLANG_WARN_DIRECT_OBJC_ISA_USAGE = YES_ERROR;
				CLANG_WARN_DOCUMENTATION_COMMENTS = YES;
				CLANG_WARN_EMPTY_BODY = YES;
				CLANG_WARN_ENUM_CONVERSION = YES;
				CLANG_WARN_INFINITE_RECURSION = YES;
				CLANG_WARN_INT_CONVERSION = YES;
				CLANG_WARN_NON_LITERAL_NULL_CONVERSION = YES;
				CLANG_WARN_OBJC_IMPLICIT_RETAIN_SELF = YES;
				CLANG_WARN_OBJC_LITERAL_CONVERSION = YES;
				CLANG_WARN_OBJC_ROOT_CLASS = YES_ERROR;
				CLANG_WARN_QUOTED_INCLUDE_IN_FRAMEWORK_HEADER = YES;
				CLANG_WARN_RANGE_LOOP_ANALYSIS = YES;
				CLANG_WARN_STRICT_PROTOTYPES = YES;
				CLANG_WARN_SUSPICIOUS_MOVE = YES;
				CLANG_WARN_UNGUARDED_AVAILABILITY = YES_AGGRESSIVE;
				CLANG_WARN_UNREACHABLE_CODE = YES;
				CLANG_WARN__DUPLICATE_METHOD_MATCH = YES;
				COPY_PHASE_STRIP = NO;
				DEBUG_INFORMATION_FORMAT = dwarf;
				ENABLE_STRICT_OBJC_MSGSEND = YES;
				ENABLE_TESTABILITY = YES;
				ENABLE_USER_SCRIPT_SANDBOXING = YES;
				GCC_C_LANGUAGE_STANDARD = gnu17;
				GCC_DYNAMIC_NO_PIC = NO;
				GCC_NO_COMMON_BLOCKS = YES;
				GCC_OPTIMIZATION_LEVEL = 0;
				GCC_PREPROCESSOR_DEFINITIONS = (
					"DEBUG=1",
					"$(inherited)",
				);
				GCC_WARN_64_TO_32_BIT_CONVERSION = YES;
				GCC_WARN_ABOUT_RETURN_TYPE = YES_ERROR;
				GCC_WARN_UNDECLARED_SELECTOR = YES;
				GCC_WARN_UNINITIALIZED_AUTOS = YES_AGGRESSIVE;
				GCC_WARN_UNUSED_FUNCTION = YES;
				GCC_WARN_UNUSED_VARIABLE = YES;
				IPHONEOS_DEPLOYMENT_TARGET = 17.2;
				LOCALIZATION_PREFERS_STRING_CATALOGS = YES;
				MTL_ENABLE_DEBUG_INFO = INCLUDE_SOURCE;
				MTL_FAST_MATH = YES;
				ONLY_ACTIVE_ARCH = YES;
				SDKROOT = iphoneos;
				SWIFT_ACTIVE_COMPILATION_CONDITIONS = "DEBUG $(inherited)";
				SWIFT_OPTIMIZATION_LEVEL = "-Onone";
			};
			name = Debug;
		};
		F9A94A432B71B90A0062F68A /* Release */ = {
			isa = XCBuildConfiguration;
			buildSettings = {
				ALWAYS_SEARCH_USER_PATHS = NO;
				ASSETCATALOG_COMPILER_GENERATE_SWIFT_ASSET_SYMBOL_EXTENSIONS = YES;
				CLANG_ANALYZER_NONNULL = YES;
				CLANG_ANALYZER_NUMBER_OBJECT_CONVERSION = YES_AGGRESSIVE;
				CLANG_CXX_LANGUAGE_STANDARD = "gnu++20";
				CLANG_ENABLE_MODULES = YES;
				CLANG_ENABLE_OBJC_ARC = YES;
				CLANG_ENABLE_OBJC_WEAK = YES;
				CLANG_WARN_BLOCK_CAPTURE_AUTORELEASING = YES;
				CLANG_WARN_BOOL_CONVERSION = YES;
				CLANG_WARN_COMMA = YES;
				CLANG_WARN_CONSTANT_CONVERSION = YES;
				CLANG_WARN_DEPRECATED_OBJC_IMPLEMENTATIONS = YES;
				CLANG_WARN_DIRECT_OBJC_ISA_USAGE = YES_ERROR;
				CLANG_WARN_DOCUMENTATION_COMMENTS = YES;
				CLANG_WARN_EMPTY_BODY = YES;
				CLANG_WARN_ENUM_CONVERSION = YES;
				CLANG_WARN_INFINITE_RECURSION = YES;
				CLANG_WARN_INT_CONVERSION = YES;
				CLANG_WARN_NON_LITERAL_NULL_CONVERSION = YES;
				CLANG_WARN_OBJC_IMPLICIT_RETAIN_SELF = YES;
				CLANG_WARN_OBJC_LITERAL_CONVERSION = YES;
				CLANG_WARN_OBJC_ROOT_CLASS = YES_ERROR;
				CLANG_WARN_QUOTED_INCLUDE_IN_FRAMEWORK_HEADER = YES;
				CLANG_WARN_RANGE_LOOP_ANALYSIS = YES;
				CLANG_WARN_STRICT_PROTOTYPES = YES;
				CLANG_WARN_SUSPICIOUS_MOVE = YES;
				CLANG_WARN_UNGUARDED_AVAILABILITY = YES_AGGRESSIVE;
				CLANG_WARN_UNREACHABLE_CODE = YES;
				CLANG_WARN__DUPLICATE_METHOD_MATCH = YES;
				COPY_PHASE_STRIP = NO;
				DEBUG_INFORMATION_FORMAT = "dwarf-with-dsym";
				ENABLE_NS_ASSERTIONS = NO;
				ENABLE_STRICT_OBJC_MSGSEND = YES;
				ENABLE_USER_SCRIPT_SANDBOXING = YES;
				GCC_C_LANGUAGE_STANDARD = gnu17;
				GCC_NO_COMMON_BLOCKS = YES;
				GCC_WARN_64_TO_32_BIT_CONVERSION = YES;
				GCC_WARN_ABOUT_RETURN_TYPE = YES_ERROR;
				GCC_WARN_UNDECLARED_SELECTOR = YES;
				GCC_WARN_UNINITIALIZED_AUTOS = YES_AGGRESSIVE;
				GCC_WARN_UNUSED_FUNCTION = YES;
				GCC_WARN_UNUSED_VARIABLE = YES;
				IPHONEOS_DEPLOYMENT_TARGET = 17.2;
				LOCALIZATION_PREFERS_STRING_CATALOGS = YES;
				MTL_ENABLE_DEBUG_INFO = NO;
				MTL_FAST_MATH = YES;
				SDKROOT = iphoneos;
				SWIFT_COMPILATION_MODE = wholemodule;
				VALIDATE_PRODUCT = YES;
			};
			name = Release;
		};
		F9A94A452B71B90A0062F68A /* Debug */ = {
			isa = XCBuildConfiguration;
			buildSettings = {
				ASSETCATALOG_COMPILER_APPICON_NAME = AppIcon;
				ASSETCATALOG_COMPILER_GLOBAL_ACCENT_COLOR_NAME = AccentColor;
				CODE_SIGN_STYLE = Automatic;
				CURRENT_PROJECT_VERSION = 1;
				DEVELOPMENT_ASSET_PATHS = "\"Demo/Preview Content\"";
				DEVELOPMENT_TEAM = UVS55ZQ2F5;
				ENABLE_PREVIEWS = YES;
				GENERATE_INFOPLIST_FILE = YES;
				INFOPLIST_KEY_UIApplicationSceneManifest_Generation = YES;
				INFOPLIST_KEY_UIApplicationSupportsIndirectInputEvents = YES;
				INFOPLIST_KEY_UILaunchScreen_Generation = YES;
				INFOPLIST_KEY_UILaunchStoryboardName = LaunchScreen.storyboard;
				INFOPLIST_KEY_UISupportedInterfaceOrientations = "UIInterfaceOrientationLandscapeLeft UIInterfaceOrientationLandscapeRight UIInterfaceOrientationPortrait";
				INFOPLIST_KEY_UISupportedInterfaceOrientations_iPad = "UIInterfaceOrientationLandscapeLeft UIInterfaceOrientationLandscapeRight UIInterfaceOrientationPortrait UIInterfaceOrientationPortraitUpsideDown";
				INFOPLIST_KEY_UIUserInterfaceStyle = Light;
				LD_RUNPATH_SEARCH_PATHS = (
					"$(inherited)",
					"@executable_path/Frameworks",
				);
				MARKETING_VERSION = 1.0;
				PRODUCT_BUNDLE_IDENTIFIER = com.jetfusion.Demo;
				PRODUCT_NAME = "$(TARGET_NAME)";
				SWIFT_EMIT_LOC_STRINGS = YES;
				SWIFT_VERSION = 5.0;
				TARGETED_DEVICE_FAMILY = "1,2";
			};
			name = Debug;
		};
		F9A94A462B71B90A0062F68A /* Release */ = {
			isa = XCBuildConfiguration;
			buildSettings = {
				ASSETCATALOG_COMPILER_APPICON_NAME = AppIcon;
				ASSETCATALOG_COMPILER_GLOBAL_ACCENT_COLOR_NAME = AccentColor;
				CODE_SIGN_STYLE = Automatic;
				CURRENT_PROJECT_VERSION = 1;
				DEVELOPMENT_ASSET_PATHS = "\"Demo/Preview Content\"";
				DEVELOPMENT_TEAM = UVS55ZQ2F5;
				ENABLE_PREVIEWS = YES;
				GENERATE_INFOPLIST_FILE = YES;
				INFOPLIST_KEY_UIApplicationSceneManifest_Generation = YES;
				INFOPLIST_KEY_UIApplicationSupportsIndirectInputEvents = YES;
				INFOPLIST_KEY_UILaunchScreen_Generation = YES;
				INFOPLIST_KEY_UILaunchStoryboardName = LaunchScreen.storyboard;
				INFOPLIST_KEY_UISupportedInterfaceOrientations = "UIInterfaceOrientationLandscapeLeft UIInterfaceOrientationLandscapeRight UIInterfaceOrientationPortrait";
				INFOPLIST_KEY_UISupportedInterfaceOrientations_iPad = "UIInterfaceOrientationLandscapeLeft UIInterfaceOrientationLandscapeRight UIInterfaceOrientationPortrait UIInterfaceOrientationPortraitUpsideDown";
				INFOPLIST_KEY_UIUserInterfaceStyle = Light;
				LD_RUNPATH_SEARCH_PATHS = (
					"$(inherited)",
					"@executable_path/Frameworks",
				);
				MARKETING_VERSION = 1.0;
				PRODUCT_BUNDLE_IDENTIFIER = com.jetfusion.Demo;
				PRODUCT_NAME = "$(TARGET_NAME)";
				SWIFT_EMIT_LOC_STRINGS = YES;
				SWIFT_VERSION = 5.0;
				TARGETED_DEVICE_FAMILY = "1,2";
			};
			name = Release;
		};
		F9A94A542B71BA530062F68A /* Debug */ = {
			isa = XCBuildConfiguration;
			buildSettings = {
				CODE_SIGN_STYLE = Automatic;
				CURRENT_PROJECT_VERSION = 1;
				GENERATE_INFOPLIST_FILE = YES;
				MARKETING_VERSION = 1.0;
				PRODUCT_BUNDLE_IDENTIFIER = com.tpi.june.DemoUITests;
				PRODUCT_NAME = "$(TARGET_NAME)";
				SWIFT_EMIT_LOC_STRINGS = NO;
				SWIFT_VERSION = 5.0;
				TARGETED_DEVICE_FAMILY = "1,2";
				TEST_TARGET_NAME = Demo;
			};
			name = Debug;
		};
		F9A94A552B71BA530062F68A /* Release */ = {
			isa = XCBuildConfiguration;
			buildSettings = {
				CODE_SIGN_STYLE = Automatic;
				CURRENT_PROJECT_VERSION = 1;
				GENERATE_INFOPLIST_FILE = YES;
				MARKETING_VERSION = 1.0;
				PRODUCT_BUNDLE_IDENTIFIER = com.tpi.june.DemoUITests;
				PRODUCT_NAME = "$(TARGET_NAME)";
				SWIFT_EMIT_LOC_STRINGS = NO;
				SWIFT_VERSION = 5.0;
				TARGETED_DEVICE_FAMILY = "1,2";
				TEST_TARGET_NAME = Demo;
			};
			name = Release;
		};
/* End XCBuildConfiguration section */

/* Begin XCConfigurationList section */
		F9A94A312B71B9080062F68A /* Build configuration list for PBXProject "Demo" */ = {
			isa = XCConfigurationList;
			buildConfigurations = (
				F9A94A422B71B90A0062F68A /* Debug */,
				F9A94A432B71B90A0062F68A /* Release */,
			);
			defaultConfigurationIsVisible = 0;
			defaultConfigurationName = Release;
		};
		F9A94A442B71B90A0062F68A /* Build configuration list for PBXNativeTarget "Demo" */ = {
			isa = XCConfigurationList;
			buildConfigurations = (
				F9A94A452B71B90A0062F68A /* Debug */,
				F9A94A462B71B90A0062F68A /* Release */,
			);
			defaultConfigurationIsVisible = 0;
			defaultConfigurationName = Release;
		};
		F9A94A532B71BA530062F68A /* Build configuration list for PBXNativeTarget "DemoUITests" */ = {
			isa = XCConfigurationList;
			buildConfigurations = (
				F9A94A542B71BA530062F68A /* Debug */,
				F9A94A552B71BA530062F68A /* Release */,
			);
			defaultConfigurationIsVisible = 0;
			defaultConfigurationName = Release;
		};
/* End XCConfigurationList section */
	};
	rootObject = F9A94A2E2B71B9080062F68A /* Project object */;
}
